
Microsoft Visual Studio Solution File, Format Version 12.00
# Visual Studio 2012
Project("{FAE04EC0-301F-11D3-BF4B-00C04F79EFBC}") = "PushNotificationTest", "PushNotificationTest\PushNotificationTest.csproj", "{488E96EE-8B70-45AA-A767-669749150BAD}"
EndProject
Global
	GlobalSection(TeamFoundationVersionControl) = preSolution
		SccEnterpriseProvider = {4CA58AB2-18FA-4F8D-95D4-32DDF27D184C}
		SccLocalPath0 = .
		SccLocalPath1 = PushNotificationTest
		SccNumberOfProjects = 2
		SccProjectName1 = PushNotificationTest
		SccProjectUniqueName1 = PushNotificationTest\\PushNotificationTest.csproj
		SccTeamFoundationServer = https://tfs.codeplex.com/tfs/tfs04
	EndGlobalSection
	GlobalSection(SolutionConfigurationPlatforms) = preSolution
		Debug|ARM = Debug|ARM
		Debug|Any CPU = Debug|Any CPU
		Debug|x64 = Debug|x64
		Debug|x86 = Debug|x86
		Release|ARM = Release|ARM
		Release|Any CPU = Release|Any CPU
		Release|x64 = Release|x64
		Release|x86 = Release|x86
	EndGlobalSection
	GlobalSection(ProjectConfigurationPlatforms) = postSolution
		{488E96EE-8B70-45AA-A767-669749150BAD}.Debug|ARM.ActiveCfg = Debug|ARM
		{488E96EE-8B70-45AA-A767-669749150BAD}.Debug|ARM.Build.0 = Debug|ARM
		{488E96EE-8B70-45AA-A767-669749150BAD}.Debug|ARM.Deploy.0 = Debug|ARM
		{488E96EE-8B70-45AA-A767-669749150BAD}.Debug|Any CPU.ActiveCfg = Debug|Any CPU
		{488E96EE-8B70-45AA-A767-669749150BAD}.Debug|Any CPU.Build.0 = Debug|Any CPU
		{488E96EE-8B70-45AA-A767-669749150BAD}.Debug|Any CPU.Deploy.0 = Debug|Any CPU
		{488E96EE-8B70-45AA-A767-669749150BAD}.Debug|x64.ActiveCfg = Debug|x64
		{488E96EE-8B70-45AA-A767-669749150BAD}.Debug|x64.Build.0 = Debug|x64
		{488E96EE-8B70-45AA-A767-669749150BAD}.Debug|x64.Deploy.0 = Debug|x64
		{488E96EE-8B70-45AA-A767-669749150BAD}.Debug|x86.ActiveCfg = Debug|x86
		{488E96EE-8B70-45AA-A767-669749150BAD}.Debug|x86.Build.0 = Debug|x86
		{488E96EE-8B70-45AA-A767-669749150BAD}.Debug|x86.Deploy.0 = Debug|x86
		{488E96EE-8B70-45AA-A767-669749150BAD}.Release|ARM.ActiveCfg = Release|ARM
		{488E96EE-8B70-45AA-A767-669749150BAD}.Release|ARM.Build.0 = Release|ARM
		{488E96EE-8B70-45AA-A767-669749150BAD}.Release|ARM.Deploy.0 = Release|ARM
		{488E96EE-8B70-45AA-A767-669749150BAD}.Release|Any CPU.ActiveCfg = Release|Any CPU
		{488E96EE-8B70-45AA-A767-669749150BAD}.Release|Any CPU.Build.0 = Release|Any CPU
		{488E96EE-8B70-45AA-A767-669749150BAD}.Release|Any CPU.Deploy.0 = Release|Any CPU
		{488E96EE-8B70-45AA-A767-669749150BAD}.Release|x64.ActiveCfg = Release|x64
		{488E96EE-8B70-45AA-A767-669749150BAD}.Release|x64.Build.0 = Release|x64
		{488E96EE-8B70-45AA-A767-669749150BAD}.Release|x64.Deploy.0 = Release|x64
		{488E96EE-8B70-45AA-A767-669749150BAD}.Release|x86.ActiveCfg = Release|x86
		{488E96EE-8B70-45AA-A767-669749150BAD}.Release|x86.Build.0 = Release|x86
		{488E96EE-8B70-45AA-A767-669749150BAD}.Release|x86.Deploy.0 = Release|x86
	EndGlobalSection
	GlobalSection(SolutionProperties) = preSolution
		HideSolutionNode = FALSE
	EndGlobalSection
EndGlobal
