
Microsoft Visual Studio Solution File, Format Version 12.00
# Visual Studio 2012
Project("{FAE04EC0-301F-11D3-BF4B-00C04F79EFBC}") = "Compression", "Compression\Compression.csproj", "{1FBFF7C7-4FA8-43B2-A1F8-5AD4CD220028}"
EndProject
Global
	GlobalSection(TeamFoundationVersionControl) = preSolution
		SccEnterpriseProvider = {4CA58AB2-18FA-4F8D-95D4-32DDF27D184C}
		SccLocalPath0 = .
		SccLocalPath1 = Compression
		SccNumberOfProjects = 2
		SccProjectName1 = Compression
		SccProjectUniqueName1 = Compression\\Compression.csproj
		SccTeamFoundationServer = https://tfs.codeplex.com/tfs/tfs04
	EndGlobalSection
	GlobalSection(SolutionConfigurationPlatforms) = preSolution
		Debug|ARM = Debug|ARM
		Debug|Any CPU = Debug|Any CPU
		Debug|x64 = Debug|x64
		Debug|x86 = Debug|x86
		Release|ARM = Release|ARM
		Release|Any CPU = Release|Any CPU
		Release|x64 = Release|x64
		Release|x86 = Release|x86
	EndGlobalSection
	GlobalSection(ProjectConfigurationPlatforms) = postSolution
		{1FBFF7C7-4FA8-43B2-A1F8-5AD4CD220028}.Debug|ARM.ActiveCfg = Debug|ARM
		{1FBFF7C7-4FA8-43B2-A1F8-5AD4CD220028}.Debug|ARM.Build.0 = Debug|ARM
		{1FBFF7C7-4FA8-43B2-A1F8-5AD4CD220028}.Debug|ARM.Deploy.0 = Debug|ARM
		{1FBFF7C7-4FA8-43B2-A1F8-5AD4CD220028}.Debug|Any CPU.ActiveCfg = Debug|Any CPU
		{1FBFF7C7-4FA8-43B2-A1F8-5AD4CD220028}.Debug|Any CPU.Build.0 = Debug|Any CPU
		{1FBFF7C7-4FA8-43B2-A1F8-5AD4CD220028}.Debug|Any CPU.Deploy.0 = Debug|Any CPU
		{1FBFF7C7-4FA8-43B2-A1F8-5AD4CD220028}.Debug|x64.ActiveCfg = Debug|x64
		{1FBFF7C7-4FA8-43B2-A1F8-5AD4CD220028}.Debug|x64.Build.0 = Debug|x64
		{1FBFF7C7-4FA8-43B2-A1F8-5AD4CD220028}.Debug|x64.Deploy.0 = Debug|x64
		{1FBFF7C7-4FA8-43B2-A1F8-5AD4CD220028}.Debug|x86.ActiveCfg = Debug|x86
		{1FBFF7C7-4FA8-43B2-A1F8-5AD4CD220028}.Debug|x86.Build.0 = Debug|x86
		{1FBFF7C7-4FA8-43B2-A1F8-5AD4CD220028}.Debug|x86.Deploy.0 = Debug|x86
		{1FBFF7C7-4FA8-43B2-A1F8-5AD4CD220028}.Release|ARM.ActiveCfg = Release|ARM
		{1FBFF7C7-4FA8-43B2-A1F8-5AD4CD220028}.Release|ARM.Build.0 = Release|ARM
		{1FBFF7C7-4FA8-43B2-A1F8-5AD4CD220028}.Release|ARM.Deploy.0 = Release|ARM
		{1FBFF7C7-4FA8-43B2-A1F8-5AD4CD220028}.Release|Any CPU.ActiveCfg = Release|Any CPU
		{1FBFF7C7-4FA8-43B2-A1F8-5AD4CD220028}.Release|Any CPU.Build.0 = Release|Any CPU
		{1FBFF7C7-4FA8-43B2-A1F8-5AD4CD220028}.Release|Any CPU.Deploy.0 = Release|Any CPU
		{1FBFF7C7-4FA8-43B2-A1F8-5AD4CD220028}.Release|x64.ActiveCfg = Release|x64
		{1FBFF7C7-4FA8-43B2-A1F8-5AD4CD220028}.Release|x64.Build.0 = Release|x64
		{1FBFF7C7-4FA8-43B2-A1F8-5AD4CD220028}.Release|x64.Deploy.0 = Release|x64
		{1FBFF7C7-4FA8-43B2-A1F8-5AD4CD220028}.Release|x86.ActiveCfg = Release|x86
		{1FBFF7C7-4FA8-43B2-A1F8-5AD4CD220028}.Release|x86.Build.0 = Release|x86
		{1FBFF7C7-4FA8-43B2-A1F8-5AD4CD220028}.Release|x86.Deploy.0 = Release|x86
	EndGlobalSection
	GlobalSection(SolutionProperties) = preSolution
		HideSolutionNode = FALSE
	EndGlobalSection
EndGlobal
